
Microsoft Visual Studio Solution File, Format Version 12.00
# Visual Studio Version 17
VisualStudioVersion = 17.8.34330.188
MinimumVisualStudioVersion = 10.0.40219.1
Project("{FAE04EC0-301F-11D3-BF4B-00C04F79EFBC}") = "AzureAppv2", "AzureAppv2\AzureAppv2.csproj", "{F0B5D451-8D3C-434B-9E64-F1647BA35C1A}"
EndProject
Global
	GlobalSection(SolutionConfigurationPlatforms) = preSolution
		Debug|Any CPU = Debug|Any CPU
		Release|Any CPU = Release|Any CPU
	EndGlobalSection
	GlobalSection(ProjectConfigurationPlatforms) = postSolution
		{F0B5D451-8D3C-434B-9E64-F1647BA35C1A}.Debug|Any CPU.ActiveCfg = Debug|Any CPU
		{F0B5D451-8D3C-434B-9E64-F1647BA35C1A}.Debug|Any CPU.Build.0 = Debug|Any CPU
		{F0B5D451-8D3C-434B-9E64-F1647BA35C1A}.Release|Any CPU.ActiveCfg = Release|Any CPU
		{F0B5D451-8D3C-434B-9E64-F1647BA35C1A}.Release|Any CPU.Build.0 = Release|Any CPU
	EndGlobalSection
	GlobalSection(SolutionProperties) = preSolution
		HideSolutionNode = FALSE
	EndGlobalSection
	GlobalSection(ExtensibilityGlobals) = postSolution
		SolutionGuid = {DD72A272-B763-4F73-A0AC-EEC4804316C6}
	EndGlobalSection
EndGlobal
